{
    "_meta": {
        "hash": {
            "sha256": "851c19b51244b8813a094b7b0e1c1f154168bc129b73e185353bf284bc0b4efc"
        },
        "pipfile-spec": 6,
        "requires": {
            "python_version": "3.8"
        },
        "sources": [
            {
                "name": "pypi",
                "url": "https://pypi.org/simple",
                "verify_ssl": true
            }
        ]
    },
    "default": {
        "annotated-doc": {
            "hashes": [
                "sha256:571ac1dc6991c450b25a9c2d84a3705e2ae7a53467b5d111c24fa8baabbed320",
                "sha256:fbcda96e87e9c92ad167c2e53839e57503ecfda18804ea28102353485033faa4"
            ],
            "markers": "python_version >= '3.8'",
            "version": "==0.0.4"
        },
        "anyio": {
            "hashes": [
                "sha256:23009af4ed04ce05991845451e11ef02fc7c5ed29179ac9a420e5ad0ac7ddc5b",
                "sha256:c011ee36bc1e8ba40e5a81cb9df91925c218fe9b778554e0b56a21e1b5d4716f"
            ],
            "markers": "python_version >= '3.8'",
            "version": "==4.5.2"
        },
        "bcrypt": {
            "hashes": [
                "sha256:046ad6db88edb3c5ece4369af997938fb1c19d6a699b9c1b27b0db432faae4c4",
                "sha256:0c418ca99fd47e9c59a301744d63328f17798b5947b0f791e9af3c1c499c2d0a",
                "sha256:0c8e093ea2532601a6f686edbc2c6b2ec24131ff5c52f7610dd64fa4553b5464",
                "sha256:0cae4cb350934dfd74c020525eeae0a5f79257e8a201c0c176f4b84fdbf2a4b4",
                "sha256:137c5156524328a24b9fac1cb5db0ba618bc97d11970b39184c1d87dc4bf1746",
                "sha256:200af71bc25f22006f4069060c88ed36f8aa4ff7f53e67ff04d2ab3f1e79a5b2",
                "sha256:212139484ab3207b1f0c00633d3be92fef3c5f0af17cad155679d03ff2ee1e41",
                "sha256:2b732e7d388fa22d48920baa267ba5d97cca38070b69c0e2d37087b381c681fd",
                "sha256:35a77ec55b541e5e583eb3436ffbbf53b0ffa1fa16ca6782279daf95d146dcd9",
                "sha256:38cac74101777a6a7d3b3e3cfefa57089b5ada650dce2baf0cbdd9d65db22a9e",
                "sha256:3abeb543874b2c0524ff40c57a4e14e5d3a66ff33fb423529c88f180fd756538",
                "sha256:3ca8a166b1140436e058298a34d88032ab62f15aae1c598580333dc21d27ef10",
                "sha256:3cf67a804fc66fc217e6914a5635000259fbbbb12e78a99488e4d5ba445a71eb",
                "sha256:4870a52610537037adb382444fefd3706d96d663ac44cbb2f37e3919dca3d7ef",
                "sha256:48f753100931605686f74e27a7b49238122aa761a9aefe9373265b8b7aa43ea4",
                "sha256:4bfd2a34de661f34d0bda43c3e4e79df586e4716ef401fe31ea39d69d581ef23",
                "sha256:560ddb6ec730386e7b3b26b8b4c88197aaed924430e7b74666a586ac997249ef",
                "sha256:5b1589f4839a0899c146e8892efe320c0fa096568abd9b95593efac50a87cb75",
                "sha256:5feebf85a9cefda32966d8171f5db7e3ba964b77fdfe31919622256f80f9cf42",
                "sha256:611f0a17aa4a25a69362dcc299fda5c8a3d4f160e2abb3831041feb77393a14a",
                "sha256:61afc381250c3182d9078551e3ac3a41da14154fbff647ddf52a769f588c4172",
                "sha256:64d7ce196203e468c457c37ec22390f1a61c85c6f0b8160fd752940ccfb3a683",
                "sha256:64ee8434b0da054d830fa8e89e1c8bf30061d539044a39524ff7dec90481e5c2",
                "sha256:6b8f520b61e8781efee73cba14e3e8c9556ccfb375623f4f97429544734545b4",
                "sha256:741449132f64b3524e95cd30e5cd3343006ce146088f074f31ab26b94e6c75ba",
                "sha256:744d3c6b164caa658adcb72cb8cc9ad9b4b75c7db507ab4bc2480474a51989da",
                "sha256:79cfa161eda8d2ddf29acad370356b47f02387153b11d46042e93a0a95127493",
                "sha256:7aeef54b60ceddb6f30ee3db090351ecf0d40ec6e2abf41430997407a46d2254",
                "sha256:7edda91d5ab52b15636d9c30da87d2cc84f426c72b9dba7a9b4fe142ba11f534",
                "sha256:7f277a4b3390ab4bebe597800a90da0edae882c6196d3038a73adf446c4f969f",
                "sha256:7f4c94dec1b5ab5d522750cb059bb9409ea8872d4494fd152b53cca99f1ddd8c",
                "sha256:801cad5ccb6b87d1b430f183269b94c24f248dddbbc5c1f78b6ed231743e001c",
                "sha256:83e787d7a84dbbfba6f250dd7a5efd689e935f03dd83b0f919d39349e1f23f83",
                "sha256:89042e61b5e808b67daf24a434d89bab164d4de1746b37a8d173b6b14f3db9ff",
                "sha256:92864f54fb48b4c718fc92a32825d0e42265a627f956bc0361fe869f1adc3e7d",
                "sha256:9d52ed507c2488eddd6a95bccee4e808d3234fa78dd370e24bac65a21212b861",
                "sha256:9fffdb387abe6aa775af36ef16f55e318dcda4194ddbf82007a6f21da29de8f5",
                "sha256:a28bc05039bdf3289d757f49d616ab3efe8cf40d8e8001ccdd621cd4f98f4fc9",
                "sha256:a5393eae5722bcef046a990b84dff02b954904c36a194f6cfc817d7dca6c6f0b",
                "sha256:a71f70ee269671460b37a449f5ff26982a6f2ba493b3eabdd687b4bf35f875ac",
                "sha256:b17366316c654e1ad0306a6858e189fc835eca39f7eb2cafd6aaca8ce0c40a2e",
                "sha256:baade0a5657654c2984468efb7d6c110db87ea63ef5a4b54732e7e337253e44f",
                "sha256:c2388ca94ffee269b6038d48747f4ce8df0ffbea43f31abfa18ac72f0218effb",
                "sha256:c58b56cdfb03202b3bcc9fd8daee8e8e9b6d7e3163aa97c631dfcfcc24d36c86",
                "sha256:cde08734f12c6a4e28dc6755cd11d3bdfea608d93d958fffbe95a7026ebe4980",
                "sha256:d79e5c65dcc9af213594d6f7f1fa2c98ad3fc10431e7aa53c176b441943efbdd",
                "sha256:d8d65b564ec849643d9f7ea05c6d9f0cd7ca23bdd4ac0c2dbef1104ab504543d",
                "sha256:db99dca3b1fdc3db87d7c57eac0c82281242d1eabf19dcb8a6b10eb29a2e72d1",
                "sha256:dcd58e2b3a908b5ecc9b9df2f0085592506ac2d5110786018ee5e160f28e0911",
                "sha256:dd19cf5184a90c873009244586396a6a884d591a5323f0e8a5922560718d4993",
                "sha256:ddb4e1500f6efdd402218ffe34d040a1196c072e07929b9820f363a1fd1f4191",
                "sha256:e3cf5b2560c7b5a142286f69bde914494b6d8f901aaa71e453078388a50881c4",
                "sha256:ed2e1365e31fc73f1825fa830f1c8f8917ca1b3ca6185773b349c20fd606cec2",
                "sha256:edfcdcedd0d0f05850c52ba3127b1fce70b9f89e0fe5ff16517df7e81fa3cbb8",
                "sha256:f0ce778135f60799d89c9693b9b398819d15f1921ba15fe719acb3178215a7db",
                "sha256:f2347d3534e76bf50bca5500989d6c1d05ed64b440408057a37673282c654927",
                "sha256:f3c08197f3039bec79cee59a606d62b96b16669cff3949f21e74796b6e3cd2be",
                "sha256:f632fd56fc4e61564f78b46a2269153122db34988e78b6be8b32d28507b7eaeb",
                "sha256:f6984a24db30548fd39a44360532898c33528b74aedf81c26cf29c51ee47057e",
                "sha256:f70aadb7a809305226daedf75d90379c397b094755a710d7014b8b117df1ebbf",
                "sha256:f748f7c2d6fd375cc93d3fba7ef4a9e3a092421b8dbf34d8d4dc06be9492dfdd",
                "sha256:f8429e1c410b4073944f03bd778a9e066e7fad723564a52ff91841d278dfc822",
                "sha256:fc746432b951e92b58317af8e0ca746efe93e66555f1b40888865ef5bf56446b"
            ],
            "markers": "python_version >= '3.8'",
            "version": "==5.0.0"
        },
        "cffi": {
            "hashes": [
                "sha256:045d61c734659cc045141be4bae381a41d89b741f795af1dd018bfb532fd0df8",
                "sha256:0984a4925a435b1da406122d4d7968dd861c1385afe3b45ba82b750f229811e2",
                "sha256:0e2b1fac190ae3ebfe37b979cc1ce69c81f4e4fe5746bb401dca63a9062cdaf1",
                "sha256:0f048dcf80db46f0098ccac01132761580d28e28bc0f78ae0d58048063317e15",
                "sha256:1257bdabf294dceb59f5e70c64a3e2f462c30c7ad68092d01bbbfb1c16b1ba36",
                "sha256:1c39c6016c32bc48dd54561950ebd6836e1670f2ae46128f67cf49e789c52824",
                "sha256:1d599671f396c4723d016dbddb72fe8e0397082b0a77a4fab8028923bec050e8",
                "sha256:28b16024becceed8c6dfbc75629e27788d8a3f9030691a1dbf9821a128b22c36",
                "sha256:2bb1a08b8008b281856e5971307cc386a8e9c5b625ac297e853d36da6efe9c17",
                "sha256:30c5e0cb5ae493c04c8b42916e52ca38079f1b235c2f8ae5f4527b963c401caf",
                "sha256:31000ec67d4221a71bd3f67df918b1f88f676f1c3b535a7eb473255fdc0b83fc",
                "sha256:386c8bf53c502fff58903061338ce4f4950cbdcb23e2902d86c0f722b786bbe3",
                "sha256:3edc8d958eb099c634dace3c7e16560ae474aa3803a5df240542b305d14e14ed",
                "sha256:45398b671ac6d70e67da8e4224a065cec6a93541bb7aebe1b198a61b58c7b702",
                "sha256:46bf43160c1a35f7ec506d254e5c890f3c03648a4dbac12d624e4490a7046cd1",
                "sha256:4ceb10419a9adf4460ea14cfd6bc43d08701f0835e979bf821052f1805850fe8",
                "sha256:51392eae71afec0d0c8fb1a53b204dbb3bcabcb3c9b807eedf3e1e6ccf2de903",
                "sha256:5da5719280082ac6bd9aa7becb3938dc9f9cbd57fac7d2871717b1feb0902ab6",
                "sha256:610faea79c43e44c71e1ec53a554553fa22321b65fae24889706c0a84d4ad86d",
                "sha256:636062ea65bd0195bc012fea9321aca499c0504409f413dc88af450b57ffd03b",
                "sha256:6883e737d7d9e4899a8a695e00ec36bd4e5e4f18fabe0aca0efe0a4b44cdb13e",
                "sha256:6b8b4a92e1c65048ff98cfe1f735ef8f1ceb72e3d5f0c25fdb12087a23da22be",
                "sha256:6f17be4345073b0a7b8ea599688f692ac3ef23ce28e5df79c04de519dbc4912c",
                "sha256:706510fe141c86a69c8ddc029c7910003a17353970cff3b904ff0686a5927683",
                "sha256:72e72408cad3d5419375fc87d289076ee319835bdfa2caad331e377589aebba9",
                "sha256:733e99bc2df47476e3848417c5a4540522f234dfd4ef3ab7fafdf555b082ec0c",
                "sha256:7596d6620d3fa590f677e9ee430df2958d2d6d6de2feeae5b20e82c00b76fbf8",
                "sha256:78122be759c3f8a014ce010908ae03364d00a1f81ab5c7f4a7a5120607ea56e1",
                "sha256:805b4371bf7197c329fcb3ead37e710d1bca9da5d583f5073b799d5c5bd1eee4",
                "sha256:85a950a4ac9c359340d5963966e3e0a94a676bd6245a4b55bc43949eee26a655",
                "sha256:8f2cdc858323644ab277e9bb925ad72ae0e67f69e804f4898c070998d50b1a67",
                "sha256:9755e4345d1ec879e3849e62222a18c7174d65a6a92d5b346b1863912168b595",
                "sha256:98e3969bcff97cae1b2def8ba499ea3d6f31ddfdb7635374834cf89a1a08ecf0",
                "sha256:a08d7e755f8ed21095a310a693525137cfe756ce62d066e53f502a83dc550f65",
                "sha256:a1ed2dd2972641495a3ec98445e09766f077aee98a1c896dcb4ad0d303628e41",
                "sha256:a24ed04c8ffd54b0729c07cee15a81d964e6fee0e3d4d342a27b020d22959dc6",
                "sha256:a45e3c6913c5b87b3ff120dcdc03f6131fa0065027d0ed7ee6190736a74cd401",
                "sha256:a9b15d491f3ad5d692e11f6b71f7857e7835eb677955c00cc0aefcd0669adaf6",
                "sha256:ad9413ccdeda48c5afdae7e4fa2192157e991ff761e7ab8fdd8926f40b160cc3",
                "sha256:b2ab587605f4ba0bf81dc0cb08a41bd1c0a5906bd59243d56bad7668a6fc6c16",
                "sha256:b62ce867176a75d03a665bad002af8e6d54644fad99a3c70905c543130e39d93",
                "sha256:c03e868a0b3bc35839ba98e74211ed2b05d2119be4e8a0f224fba9384f1fe02e",
                "sha256:c59d6e989d07460165cc5ad3c61f9fd8f1b4796eacbd81cee78957842b834af4",
                "sha256:c7eac2ef9b63c79431bc4b25f1cd649d7f061a28808cbc6c47b534bd789ef964",
                "sha256:c9c3d058ebabb74db66e431095118094d06abf53284d9c81f27300d0e0d8bc7c",
                "sha256:ca74b8dbe6e8e8263c0ffd60277de77dcee6c837a3d0881d8c1ead7268c9e576",
                "sha256:caaf0640ef5f5517f49bc275eca1406b0ffa6aa184892812030f04c2abf589a0",
                "sha256:cdf5ce3acdfd1661132f2a9c19cac174758dc2352bfe37d98aa7512c6b7178b3",
                "sha256:d016c76bdd850f3c626af19b0542c9677ba156e4ee4fccfdd7848803533ef662",
                "sha256:d01b12eeeb4427d3110de311e1774046ad344f5b1a7403101878976ecd7a10f3",
                "sha256:d63afe322132c194cf832bfec0dc69a99fb9bb6bbd550f161a49e9e855cc78ff",
                "sha256:da95af8214998d77a98cc14e3a3bd00aa191526343078b530ceb0bd710fb48a5",
                "sha256:dd398dbc6773384a17fe0d3e7eeb8d1a21c2200473ee6806bb5e6a8e62bb73dd",
                "sha256:de2ea4b5833625383e464549fec1bc395c1bdeeb5f25c4a3a82b5a8c756ec22f",
                "sha256:de55b766c7aa2e2a3092c51e0483d700341182f08e67c63630d5b6f200bb28e5",
                "sha256:df8b1c11f177bc2313ec4b2d46baec87a5f3e71fc8b45dab2ee7cae86d9aba14",
                "sha256:e03eab0a8677fa80d646b5ddece1cbeaf556c313dcfac435ba11f107ba117b5d",
                "sha256:e221cf152cff04059d011ee126477f0d9588303eb57e88923578ace7baad17f9",
                "sha256:e31ae45bc2e29f6b2abd0de1cc3b9d5205aa847cafaecb8af1476a609a2f6eb7",
                "sha256:edae79245293e15384b51f88b00613ba9f7198016a5948b5dddf4917d4d26382",
                "sha256:f1e22e8c4419538cb197e4dd60acc919d7696e5ef98ee4da4e01d3f8cfa4cc5a",
                "sha256:f3a2b4222ce6b60e2e8b337bb9596923045681d71e5a082783484d845390938e",
                "sha256:f6a16c31041f09ead72d69f583767292f750d24913dadacf5756b966aacb3f1a",
                "sha256:f75c7ab1f9e4aca5414ed4d8e5c0e303a34f4421f8a0d47a4d019ceff0ab6af4",
                "sha256:f79fc4fc25f1c8698ff97788206bb3c2598949bfe0fef03d299eb1b5356ada99",
                "sha256:f7f5baafcc48261359e14bcd6d9bff6d4b28d9103847c9e136694cb0501aef87",
                "sha256:fc48c783f9c87e60831201f2cce7f3b2e4846bf4d8728eabe54d60700b318a0b"
            ],
            "markers": "python_version >= '3.8'",
            "version": "==1.17.1"
        },
        "click": {
            "hashes": [
                "sha256:63c132bbbed01578a06712a2d1f497bb62d9c1c0d329b7903a866228027263b2",
                "sha256:ed53c9d8990d83c2a27deae68e4ee337473f6330c040a31d4225c9574d16096a"
            ],
            "markers": "python_version >= '3.7'",
            "version": "==8.1.8"
        },
        "cryptography": {
            "hashes": [
                "sha256:00a5e7e87938e5ff9ff5447ab086a5706a957137e6e433841e9d24f38a065217",
                "sha256:01ca9ff2885f3acc98c29f1860552e37f6d7c7d013d7334ff2a9de43a449315d",
                "sha256:09859af8466b69bc3c27bdf4f5d84a665e0f7ab5088412e9e2ec49758eca5cbc",
                "sha256:0abf1ffd6e57c67e92af68330d05760b7b7efb243aab8377e583284dbab72c71",
                "sha256:1000713389b75c449a6e979ffc7dcc8ac90b437048766cef052d4d30b8220971",
                "sha256:109d4ddfadf17e8e7779c39f9b18111a09efb969a301a31e987416a0191ed93a",
                "sha256:10b01676fc208c3e6feeb25a8b83d81767e8059e1fe86e1dc62d10a3018fa926",
                "sha256:10ca84c4668d066a9878890047f03546f3ae0a6b8b39b697457b7757aaf18dbc",
                "sha256:15ab9b093e8f09daab0f2159bb7e47532596075139dd74365da52ecc9cb46c5d",
                "sha256:191bb60a7be5e6f54e30ba16fdfae78ad3a342a0599eb4193ba88e3f3d6e185b",
                "sha256:22d7e97932f511d6b0b04f2bfd818d73dcd5928db509460aaf48384778eb6d20",
                "sha256:23b1a8f26e43f47ceb6d6a43115f33a5a37d57df4ea0ca295b780ae8546e8044",
                "sha256:36e627112085bb3b81b19fed209c05ce2a52ee8b15d161b7c643a7d5a88491f3",
                "sha256:39b6755623145ad5eff1dab323f4eae2a32a77a7abef2c5089a04a3d04366715",
                "sha256:3b51b8ca4f1c6453d8829e1eb7299499ca7f313900dd4d89a24b8b87c0a780d4",
                "sha256:402b58fc32614f00980b66d6e56a5b4118e6cb362ae8f3fda141ba4689bd4506",
                "sha256:416260257577718c05135c55958b674000baef9a1c7d9e8f306ec60d71db850f",
                "sha256:46acf53b40ea38f9c6c229599a4a13f0d46a6c3fa9ef19fc1a124d62e338dfa0",
                "sha256:4b7387121ac7d15e550f5cb4a43aef2559ed759c35df7336c402bb8275ac9683",
                "sha256:50fc3343ac490c6b08c0cf0d704e881d0d660be923fd3076db3e932007e726e3",
                "sha256:516ea134e703e9fe26bcd1277a4b59ad30586ea90c365a87781d7887a646fe21",
                "sha256:549e234ff32571b1f4076ac269fcce7a808d3bf98b76c8dd560e42dbc66d7d91",
                "sha256:5d7f93296ee28f68447397bf5198428c9aeeab45705a55d53a6343455dcb2c3c",
                "sha256:5ecfccd2329e37e9b7112a888e76d9feca2347f12f37918facbb893d7bb88ee8",
                "sha256:6276eb85ef938dc035d59b87c8a7dc559a232f954962520137529d77b18ff1df",
                "sha256:6b5063083824e5509fdba180721d55909ffacccc8adbec85268b48439423d78c",
                "sha256:6eae65d4c3d33da080cff9c4ab1f711b15c1d9760809dad6ea763f3812d254cb",
                "sha256:6f61efb26e76c45c4a227835ddeae96d83624fb0d29eb5df5b96e14ed1a0afb7",
                "sha256:71e842ec9bc7abf543b47cf86b9a743baa95f4677d22baa4c7d5c69e49e9bc04",
                "sha256:760f83faa07f8b64e9c33fc963d790a2edb24efb479e3520c14a45741cd9b2db",
                "sha256:78a97cf6a8839a48c49271cdcbd5cf37ca2c1d6b7fdd86cc864f302b5e9bf459",
                "sha256:7ce938a99998ed3c8aa7e7272dca1a610401ede816d36d0693907d863b10d9ea",
                "sha256:8a6e050cb6164d3f830453754094c086ff2d0b2f3a897a1d9820f6139a1f0914",
                "sha256:9394673a9f4de09e28b5356e7fff97d778f8abad85c9d5ac4a4b7e25a0de7717",
                "sha256:94cd0549accc38d1494e1f8de71eca837d0509d0d44bf11d158524b0e12cebf9",
                "sha256:a04bee9ab6a4da801eb9b51f1b708a1b5b5c9eb48c03f74198464c66f0d344ac",
                "sha256:a23582810fedb8c0bc47524558fb6c56aac3fc252cb306072fd2815da2a47c32",
                "sha256:a2c0cd47381a3229c403062f764160d57d4d175e022c1df84e168c6251a22eec",
                "sha256:a8b17438104fed022ce745b362294d9ce35b4c2e45c1d958ad4a4b019285f4a1",
                "sha256:a9a3008438615669153eb86b26b61e09993921ebdd75385ddd748702c5adfddb",
                "sha256:b02cf04496f6576afffef5ddd04a0cb7d49cf6be16a9059d793a30b035f6b6ac",
                "sha256:b419ae593c86b87014b9be7396b385491ad7f320bde96826d0dd174459e54665",
                "sha256:c0a7bb1a68a5d3471880e264621346c48665b3bf1c3759d682fc0864c540bd9e",
                "sha256:c70cc23f12726be8f8bc72e41d5065d77e4515efae3690326764ea1b07845cfb",
                "sha256:c8daeb2d2174beb4575b77482320303f3d39b8e81153da4f0fb08eb5fe86a6c5",
                "sha256:cb3d760a6117f621261d662bccc8ef5bc32ca673e037c83fbe565324f5c46936",
                "sha256:d55f3dffadd674514ad19451161118fd010988540cee43d8bc20675e775925de",
                "sha256:d89c3468de4cdc4f08a57e214384d0471911a3830fcdaf7a8cc587e42a866372",
                "sha256:db391fa7c66df6762ee3f00c95a89e6d428f4d60e7abc8328f4fe155b5ac6e54",
                "sha256:dfb781ff7eaa91a6f7fd41776ec37c5853c795d3b358d4896fdbb5df168af422",
                "sha256:e5bf0ed4490068a2e72ac03d786693adeb909981cc596425d09032d372bcc849",
                "sha256:e7aec276d68421f9574040c26e2a7c3771060bc0cff408bae1dcb19d3ab1e63c",
                "sha256:ef639cb3372f69ec44915fafcd6698b6cc78fbe0c2ea41be867f6ed612811963",
                "sha256:f260d0d41e9b4da1ed1e0f1ce571f97fe370b152ab18778e9e8f67d6af432018"
            ],
            "markers": "python_version >= '3.8' and python_full_version not in '3.9.0, 3.9.1'",
            "version": "==46.0.3"
        },
        "ecdsa": {
            "hashes": [
                "sha256:30638e27cf77b7e15c4c4cc1973720149e1033827cfd00661ca5c8cc0cdb24c3",
                "sha256:478cba7b62555866fcb3bb3fe985e06decbdb68ef55713c4e5ab98c57d508e61"
            ],
            "markers": "python_version >= '2.6' and python_version not in '3.0, 3.1, 3.2, 3.3, 3.4, 3.5'",
            "version": "==0.19.1"
        },
        "exceptiongroup": {
            "hashes": [
                "sha256:4d111e6e0c13d0644cad6ddaa7ed0261a0b36971f6d23e7ec9b4b9097da78a10",
                "sha256:b241f5885f560bc56a59ee63ca4c6a8bfa46ae4ad651af316d4e81817bb9fd88"
            ],
            "markers": "python_version >= '3.7'",
            "version": "==1.3.0"
        },
        "fastapi": {
            "hashes": [
                "sha256:ca8e932b2b823ec1721c641e3669472c855ad9564a2854c9899d904c2848b8b9",
                "sha256:f2d80b49a86a846b70cc3a03eb5ea6ad2939298bf6a7fe377aa9cd3dd079d358"
            ],
            "index": "pypi",
            "markers": "python_version >= '3.8'",
            "version": "==0.121.2"
        },
        "greenlet": {
            "hashes": [
                "sha256:0153404a4bb921f0ff1abeb5ce8a5131da56b953eda6e14b88dc6bbc04d2049e",
                "sha256:03a088b9de532cbfe2ba2034b2b85e82df37874681e8c470d6fb2f8c04d7e4b7",
                "sha256:04b013dc07c96f83134b1e99888e7a79979f1a247e2a9f59697fa14b5862ed01",
                "sha256:05175c27cb459dcfc05d026c4232f9de8913ed006d42713cb8a5137bd49375f1",
                "sha256:09fc016b73c94e98e29af67ab7b9a879c307c6731a2c9da0db5a7d9b7edd1159",
                "sha256:0bbae94a29c9e5c7e4a2b7f0aae5c17e8e90acbfd3bf6270eeba60c39fce3563",
                "sha256:0fde093fb93f35ca72a556cf72c92ea3ebfda3d79fc35bb19fbe685853869a83",
                "sha256:1443279c19fca463fc33e65ef2a935a5b09bb90f978beab37729e1c3c6c25fe9",
                "sha256:1776fd7f989fc6b8d8c8cb8da1f6b82c5814957264d1f6cf818d475ec2bf6395",
                "sha256:1d3755bcb2e02de341c55b4fca7a745a24a9e7212ac953f6b3a48d117d7257aa",
                "sha256:23f20bb60ae298d7d8656c6ec6db134bca379ecefadb0b19ce6f19d1f232a942",
                "sha256:275f72decf9932639c1c6dd1013a1bc266438eb32710016a1c742df5da6e60a1",
                "sha256:2846930c65b47d70b9d178e89c7e1a69c95c1f68ea5aa0a58646b7a96df12441",
                "sha256:3319aa75e0e0639bc15ff54ca327e8dc7a6fe404003496e3c6925cd3142e0e22",
                "sha256:346bed03fe47414091be4ad44786d1bd8bef0c3fcad6ed3dee074a032ab408a9",
                "sha256:36b89d13c49216cadb828db8dfa6ce86bbbc476a82d3a6c397f0efae0525bdd0",
                "sha256:37b9de5a96111fc15418819ab4c4432e4f3c2ede61e660b1e33971eba26ef9ba",
                "sha256:396979749bd95f018296af156201d6211240e7a23090f50a8d5d18c370084dc3",
                "sha256:3b2813dc3de8c1ee3f924e4d4227999285fd335d1bcc0d2be6dc3f1f6a318ec1",
                "sha256:411f015496fec93c1c8cd4e5238da364e1da7a124bcb293f085bf2860c32c6f6",
                "sha256:47da355d8687fd65240c364c90a31569a133b7b60de111c255ef5b606f2ae291",
                "sha256:48ca08c771c268a768087b408658e216133aecd835c0ded47ce955381105ba39",
                "sha256:4afe7ea89de619adc868e087b4d2359282058479d7cfb94970adf4b55284574d",
                "sha256:4ce3ac6cdb6adf7946475d7ef31777c26d94bccc377e070a7986bd2d5c515467",
                "sha256:4ead44c85f8ab905852d3de8d86f6f8baf77109f9da589cb4fa142bd3b57b475",
                "sha256:54558ea205654b50c438029505def3834e80f0869a70fb15b871c29b4575ddef",
                "sha256:5e06afd14cbaf9e00899fae69b24a32f2196c19de08fcb9f4779dd4f004e5e7c",
                "sha256:62ee94988d6b4722ce0028644418d93a52429e977d742ca2ccbe1c4f4a792511",
                "sha256:63e4844797b975b9af3a3fb8f7866ff08775f5426925e1e0bbcfe7932059a12c",
                "sha256:6510bf84a6b643dabba74d3049ead221257603a253d0a9873f55f6a59a65f822",
                "sha256:667a9706c970cb552ede35aee17339a18e8f2a87a51fba2ed39ceeeb1004798a",
                "sha256:6ef9ea3f137e5711f0dbe5f9263e8c009b7069d8a1acea822bd5e9dae0ae49c8",
                "sha256:7017b2be767b9d43cc31416aba48aab0d2309ee31b4dbf10a1d38fb7972bdf9d",
                "sha256:7124e16b4c55d417577c2077be379514321916d5790fa287c9ed6f23bd2ffd01",
                "sha256:73aaad12ac0ff500f62cebed98d8789198ea0e6f233421059fa68a5aa7220145",
                "sha256:77c386de38a60d1dfb8e55b8c1101d68c79dfdd25c7095d51fec2dd800892b80",
                "sha256:7876452af029456b3f3549b696bb36a06db7c90747740c5302f74a9e9fa14b13",
                "sha256:7939aa3ca7d2a1593596e7ac6d59391ff30281ef280d8632fa03d81f7c5f955e",
                "sha256:8320f64b777d00dd7ccdade271eaf0cad6636343293a25074cc5566160e4de7b",
                "sha256:85f3ff71e2e60bd4b4932a043fbbe0f499e263c628390b285cb599154a3b03b1",
                "sha256:8b8b36671f10ba80e159378df9c4f15c14098c4fd73a36b9ad715f057272fbef",
                "sha256:93147c513fac16385d1036b7e5b102c7fbbdb163d556b791f0f11eada7ba65dc",
                "sha256:935e943ec47c4afab8965954bf49bfa639c05d4ccf9ef6e924188f762145c0ff",
                "sha256:94b6150a85e1b33b40b1464a3f9988dcc5251d6ed06842abff82e42632fac120",
                "sha256:94ebba31df2aa506d7b14866fed00ac141a867e63143fe5bca82a8e503b36437",
                "sha256:95ffcf719966dd7c453f908e208e14cde192e09fde6c7186c8f1896ef778d8cd",
                "sha256:98884ecf2ffb7d7fe6bd517e8eb99d31ff7855a840fa6d0d63cd07c037f6a981",
                "sha256:99cfaa2110534e2cf3ba31a7abcac9d328d1d9f1b95beede58294a60348fba36",
                "sha256:9e8f8c9cb53cdac7ba9793c276acd90168f416b9ce36799b9b885790f8ad6c0a",
                "sha256:a0dfc6c143b519113354e780a50381508139b07d2177cb6ad6a08278ec655798",
                "sha256:b2795058c23988728eec1f36a4e5e4ebad22f8320c85f3587b539b9ac84128d7",
                "sha256:b42703b1cf69f2aa1df7d1030b9d77d3e584a70755674d60e710f0af570f3761",
                "sha256:b7cede291382a78f7bb5f04a529cb18e068dd29e0fb27376074b6d0317bf4dd0",
                "sha256:b8a678974d1f3aa55f6cc34dc480169d58f2e6d8958895d68845fa4ab566509e",
                "sha256:b8da394b34370874b4572676f36acabac172602abf054cbc4ac910219f3340af",
                "sha256:c3a701fe5a9695b238503ce5bbe8218e03c3bcccf7e204e455e7462d770268aa",
                "sha256:c4aab7f6381f38a4b42f269057aee279ab0fc7bf2e929e3d4abfae97b682a12c",
                "sha256:ca9d0ff5ad43e785350894d97e13633a66e2b50000e8a183a50a88d834752d42",
                "sha256:d0028e725ee18175c6e422797c407874da24381ce0690d6b9396c204c7f7276e",
                "sha256:d21e10da6ec19b457b82636209cbe2331ff4306b54d06fa04b7c138ba18c8a81",
                "sha256:d5e975ca70269d66d17dd995dafc06f1b06e8cb1ec1e9ed54c1d1e4a7c4cf26e",
                "sha256:da7a9bff22ce038e19bf62c4dd1ec8391062878710ded0a845bcf47cc0200617",
                "sha256:db32b5348615a04b82240cc67983cb315309e88d444a288934ee6ceaebcad6cc",
                "sha256:dcc62f31eae24de7f8dce72134c8651c58000d3b1868e01392baea7c32c247de",
                "sha256:dfc59d69fc48664bc693842bd57acfdd490acafda1ab52c7836e3fc75c90a111",
                "sha256:e347b3bfcf985a05e8c0b7d462ba6f15b1ee1c909e2dcad795e49e91b152c383",
                "sha256:e4d333e558953648ca09d64f13e6d8f0523fa705f51cae3f03b5983489958c70",
                "sha256:ed10eac5830befbdd0c32f83e8aa6288361597550ba669b04c48f0f9a2c843c6",
                "sha256:efc0f674aa41b92da8c49e0346318c6075d734994c3c4e4430b1c3f853e498e4",
                "sha256:f1695e76146579f8c06c1509c7ce4dfe0706f49c6831a817ac04eebb2fd02011",
                "sha256:f1d4aeb8891338e60d1ab6127af1fe45def5259def8094b9c7e34690c8858803",
                "sha256:f406b22b7c9a9b4f8aa9d2ab13d6ae0ac3e85c9a809bd590ad53fed2bf70dc79",
                "sha256:f6ff3b14f2df4c41660a7dec01045a045653998784bf8cfcb5a525bdffffbc8f"
            ],
            "markers": "python_version >= '3.7'",
            "version": "==3.1.1"
        },
        "h11": {
            "hashes": [
                "sha256:4e35b956cf45792e4caa5885e69fba00bdbc6ffafbfa020300e549b208ee5ff1",
                "sha256:63cf8bbe7522de3bf65932fda1d9c2772064ffb3dae62d55932da54b31cb6c86"
            ],
            "markers": "python_version >= '3.8'",
            "version": "==0.16.0"
        },
        "idna": {
            "hashes": [
                "sha256:771a87f49d9defaf64091e6e6fe9c18d4833f140bd19464795bc32d966ca37ea",
                "sha256:795dafcc9c04ed0c1fb032c2aa73654d8e8c5023a7df64a53f39190ada629902"
            ],
            "markers": "python_version >= '3.8'",
            "version": "==3.11"
        },
        "passlib": {
            "extras": [
                "bcrypt"
            ],
            "hashes": [
                "sha256:aa6bca462b8d8bda89c70b382f0c298a20b5560af6cbfa2dce410c0a2fb669f1",
                "sha256:defd50f72b65c5402ab2c573830a6978e5f202ad0d984793c8dde2c4152ebe04"
            ],
            "version": "==1.7.4"
        },
        "psycopg2-binary": {
            "hashes": [
                "sha256:04392983d0bb89a8717772a193cfaac58871321e3ec69514e1c4e0d4957b5aff",
                "sha256:056470c3dc57904bbf63d6f534988bafc4e970ffd50f6271fc4ee7daad9498a5",
                "sha256:0ea8e3d0ae83564f2fc554955d327fa081d065c8ca5cc6d2abb643e2c9c1200f",
                "sha256:155e69561d54d02b3c3209545fb08938e27889ff5a10c19de8d23eb5a41be8a5",
                "sha256:18c5ee682b9c6dd3696dad6e54cc7ff3a1a9020df6a5c0f861ef8bfd338c3ca0",
                "sha256:19721ac03892001ee8fdd11507e6a2e01f4e37014def96379411ca99d78aeb2c",
                "sha256:1a6784f0ce3fec4edc64e985865c17778514325074adf5ad8f80636cd029ef7c",
                "sha256:2286791ececda3a723d1910441c793be44625d86d1a4e79942751197f4d30341",
                "sha256:230eeae2d71594103cd5b93fd29d1ace6420d0b86f4778739cb1a5a32f607d1f",
                "sha256:245159e7ab20a71d989da00f280ca57da7641fa2cdcf71749c193cea540a74f7",
                "sha256:26540d4a9a4e2b096f1ff9cce51253d0504dca5a85872c7f7be23be5a53eb18d",
                "sha256:270934a475a0e4b6925b5f804e3809dd5f90f8613621d062848dd82f9cd62007",
                "sha256:27422aa5f11fbcd9b18da48373eb67081243662f9b46e6fd07c3eb46e4535142",
                "sha256:2ad26b467a405c798aaa1458ba09d7e2b6e5f96b1ce0ac15d82fd9f95dc38a92",
                "sha256:2b3d2491d4d78b6b14f76881905c7a8a8abcf974aad4a8a0b065273a0ed7a2cb",
                "sha256:2ce3e21dc3437b1d960521eca599d57408a695a0d3c26797ea0f72e834c7ffe5",
                "sha256:30e34c4e97964805f715206c7b789d54a78b70f3ff19fbe590104b71c45600e5",
                "sha256:3216ccf953b3f267691c90c6fe742e45d890d8272326b4a8b20850a03d05b7b8",
                "sha256:32581b3020c72d7a421009ee1c6bf4a131ef5f0a968fab2e2de0c9d2bb4577f1",
                "sha256:35958ec9e46432d9076286dda67942ed6d968b9c3a6a2fd62b48939d1d78bf68",
                "sha256:3abb691ff9e57d4a93355f60d4f4c1dd2d68326c968e7db17ea96df3c023ef73",
                "sha256:3c18f74eb4386bf35e92ab2354a12c17e5eb4d9798e4c0ad3a00783eae7cd9f1",
                "sha256:3c4745a90b78e51d9ba06e2088a2fe0c693ae19cc8cb051ccda44e8df8a6eb53",
                "sha256:3c4ded1a24b20021ebe677b7b08ad10bf09aac197d6943bfe6fec70ac4e4690d",
                "sha256:3e9c76f0ac6f92ecfc79516a8034a544926430f7b080ec5a0537bca389ee0906",
                "sha256:48b338f08d93e7be4ab2b5f1dbe69dc5e9ef07170fe1f86514422076d9c010d0",
                "sha256:4b3df0e6990aa98acda57d983942eff13d824135fe2250e6522edaa782a06de2",
                "sha256:512d29bb12608891e349af6a0cccedce51677725a921c07dba6342beaf576f9a",
                "sha256:5a507320c58903967ef7384355a4da7ff3f28132d679aeb23572753cbf2ec10b",
                "sha256:5c370b1e4975df846b0277b4deba86419ca77dbc25047f535b0bb03d1a544d44",
                "sha256:6b269105e59ac96aba877c1707c600ae55711d9dcd3fc4b5012e4af68e30c648",
                "sha256:6d4fa1079cab9018f4d0bd2db307beaa612b0d13ba73b5c6304b9fe2fb441ff7",
                "sha256:6dc08420625b5a20b53551c50deae6e231e6371194fa0651dbe0fb206452ae1f",
                "sha256:73aa0e31fa4bb82578f3a6c74a73c273367727de397a7a0f07bd83cbea696baa",
                "sha256:7559bce4b505762d737172556a4e6ea8a9998ecac1e39b5233465093e8cee697",
                "sha256:79625966e176dc97ddabc142351e0409e28acf4660b88d1cf6adb876d20c490d",
                "sha256:7a813c8bdbaaaab1f078014b9b0b13f5de757e2b5d9be6403639b298a04d218b",
                "sha256:7b2c956c028ea5de47ff3a8d6b3cc3330ab45cf0b7c3da35a2d6ff8420896526",
                "sha256:7f4152f8f76d2023aac16285576a9ecd2b11a9895373a1f10fd9db54b3ff06b4",
                "sha256:7f5d859928e635fa3ce3477704acee0f667b3a3d3e4bb109f2b18d4005f38287",
                "sha256:851485a42dbb0bdc1edcdabdb8557c09c9655dfa2ca0460ff210522e073e319e",
                "sha256:8608c078134f0b3cbd9f89b34bd60a943b23fd33cc5f065e8d5f840061bd0673",
                "sha256:880845dfe1f85d9d5f7c412efea7a08946a46894537e4e5d091732eb1d34d9a0",
                "sha256:8aabf1c1a04584c168984ac678a668094d831f152859d06e055288fa515e4d30",
                "sha256:8aecc5e80c63f7459a1a2ab2c64df952051df196294d9f739933a9f6687e86b3",
                "sha256:8cd9b4f2cfab88ed4a9106192de509464b75a906462fb846b936eabe45c2063e",
                "sha256:8de718c0e1c4b982a54b41779667242bc630b2197948405b7bd8ce16bcecac92",
                "sha256:9440fa522a79356aaa482aa4ba500b65f28e5d0e63b801abf6aa152a29bd842a",
                "sha256:b5f86c56eeb91dc3135b3fd8a95dc7ae14c538a2f3ad77a19645cf55bab1799c",
                "sha256:b73d6d7f0ccdad7bc43e6d34273f70d587ef62f824d7261c4ae9b8b1b6af90e8",
                "sha256:bb89f0a835bcfc1d42ccd5f41f04870c1b936d8507c6df12b7737febc40f0909",
                "sha256:c3cc28a6fd5a4a26224007712e79b81dbaee2ffb90ff406256158ec4d7b52b47",
                "sha256:ce5ab4bf46a211a8e924d307c1b1fcda82368586a19d0a24f8ae166f5c784864",
                "sha256:d00924255d7fc916ef66e4bf22f354a940c67179ad3fd7067d7a0a9c84d2fbfc",
                "sha256:d7cd730dfa7c36dbe8724426bf5612798734bff2d3c3857f36f2733f5bfc7c00",
                "sha256:e217ce4d37667df0bc1c397fdcd8de5e81018ef305aed9415c3b093faaeb10fb",
                "sha256:e3923c1d9870c49a2d44f795df0c889a22380d36ef92440ff618ec315757e539",
                "sha256:e5720a5d25e3b99cd0dc5c8a440570469ff82659bb09431c1439b92caf184d3b",
                "sha256:e8b58f0a96e7a1e341fc894f62c1177a7c83febebb5ff9123b579418fdc8a481",
                "sha256:e984839e75e0b60cfe75e351db53d6db750b00de45644c5d1f7ee5d1f34a1ce5",
                "sha256:eb09aa7f9cecb45027683bb55aebaaf45a0df8bf6de68801a6afdc7947bb09d4",
                "sha256:ec8a77f521a17506a24a5f626cb2aee7850f9b69a0afe704586f63a464f3cd64",
                "sha256:ecced182e935529727401b24d76634a357c71c9275b356efafd8a2a91ec07392",
                "sha256:ee0e8c683a7ff25d23b55b11161c2663d4b099770f6085ff0a20d4505778d6b4",
                "sha256:f0c2d907a1e102526dd2986df638343388b94c33860ff3bbe1384130828714b1",
                "sha256:f758ed67cab30b9a8d2833609513ce4d3bd027641673d4ebc9c067e4d208eec1",
                "sha256:f8157bed2f51db683f31306aa497311b560f2265998122abe1dce6428bd86567",
                "sha256:ffe8ed017e4ed70f68b7b371d84b7d4a790368db9203dfc2d222febd3a9c8863"
            ],
            "index": "pypi",
            "markers": "python_version >= '3.8'",
            "version": "==2.9.10"
        },
        "pyasn1": {
            "hashes": [
                "sha256:014c0e9976956a08139dc0712ae195324a75e142284d5f87f1a87ee1b068a359",
                "sha256:03840c999ba71680a131cfaee6fab142e1ed9bbd9c693e285cc6aca0d555e576",
                "sha256:0458773cfe65b153891ac249bcf1b5f8f320b7c2ce462151f8fa74de8934becf",
                "sha256:08c3c53b75eaa48d71cf8c710312316392ed40899cb34710d092e96745a358b7",
                "sha256:39c7e2ec30515947ff4e87fb6f456dfc6e84857d34be479c9d4a4ba4bf46aa5d",
                "sha256:5c9414dcfede6e441f7e8f81b43b34e834731003427e5b09e4e00e3172a10f00",
                "sha256:6e7545f1a61025a4e58bb336952c5061697da694db1cae97b116e9c46abcf7c8",
                "sha256:78fa6da68ed2727915c4767bb386ab32cdba863caa7dbe473eaae45f9959da86",
                "sha256:7ab8a544af125fb704feadb008c99a88805126fb525280b2270bb25cc1d78a12",
                "sha256:99fcc3c8d804d1bc6d9a099921e39d827026409a58f2a720dcdb89374ea0c776",
                "sha256:aef77c9fb94a3ac588e87841208bdec464471d9871bd5050a287cc9a475cd0ba",
                "sha256:e89bf84b5437b532b0803ba5c9a5e054d21fec423a89952a74f87fa2c9b7bce2",
                "sha256:fec3e9d8e36808a28efb59b489e4528c10ad0f480e57dcc32b4de5c9d8c9fdf3"
            ],
            "version": "==0.4.8"
        },
        "pycparser": {
            "hashes": [
                "sha256:78816d4f24add8f10a06d6f05b4d424ad9e96cfebf68a4ddc99c65c0720d00c2",
                "sha256:e5c6e8d3fbad53479cab09ac03729e0a9faf2bee3db8208a550daf5af81a5934"
            ],
            "markers": "python_version >= '3.8'",
            "version": "==2.23"
        },
        "pydantic": {
            "hashes": [
                "sha256:02f7a25e8949d8ca568e4bcef2ffed7881d7843286e7c3488bdd3b67f092059c",
                "sha256:076fff9da02ca716e4c8299c68512fdfbeac32fdefc9c160e6f80bdadca0993d",
                "sha256:093768eba26db55a88b12f3073017e3fdee319ef60d3aef5c6c04a4e484db193",
                "sha256:0cbbf306124ae41cc153fdc2559b37faa1bec9a23ef7b082c1756d1315ceffe6",
                "sha256:17e7610119483f03954569c18d4de16f4e92f1585f20975414033ac2d4a96624",
                "sha256:1a1ae996daa3d43c530b8d0bacc7e2d9cb55e3991f0e6b7cc2cb61a0fb9f6667",
                "sha256:25fb9a69a21d711deb5acefdab9ff8fb49e6cc77fdd46d38217d433bff2e3de2",
                "sha256:265788a1120285c4955f8b3d52b3ea6a52c7a74db097c4c13a4d3567f0c6df3c",
                "sha256:2d1a5ef77efeb54def2695f2b8f4301aae8c7aa2b334bd15f61c18ef54317621",
                "sha256:34109b0afa63b36eec2f2b115694e48ae5ee52f7d3c1baa0be36f80e586bda52",
                "sha256:415c638ca5fd57b915a62dd38c18c8e0afe5adf5527be6f8ce16b4636b616816",
                "sha256:49a6f0178063f15eaea6cbcb2dba04db0b73db9834bc7b1e1c4dbea28c7cd22f",
                "sha256:4a9e92b9c78d7f3cfa085c21c110e7000894446e24a836d006aabfc6ae3f1813",
                "sha256:4d7336bfcdb8cb58411e6b498772ba2cff84a2ce92f389bae3a8f1bb2c840c49",
                "sha256:50d9f8a207c07f347d4b34806dc576872000d9a60fd481ed9eb78ea8512e0666",
                "sha256:52219b4e70c1db185cfd103a804e416384e1c8950168a2d4f385664c7c35d21a",
                "sha256:58d42a7c344882c00e3bb7c6c8c6f62db2e3aafa671f307271c45ad96e8ccf7a",
                "sha256:5a42033fac69b9f1f867ecc3a2159f0e94dceb1abfc509ad57e9e88d49774683",
                "sha256:5ce0986799248082e9a5a026c9b5d2f9fa2e24d2afb9b0eace9104334a58fdc1",
                "sha256:5da2775712dda8b89e701ed2a72d5d81d23dbc6af84089da8a0f61a0be439c8c",
                "sha256:5fc35569dfd15d3b3fc06a22abee0a45fdde0784be644e650a8769cd0b2abd94",
                "sha256:6af36a8fb3072526b5b38d3f341b12d8f423188e7d185f130c0079fe02cdec7f",
                "sha256:6f25d2f792afcd874cc8339c1da1cc52739f4f3d52993ed1f6c263ef2afadc47",
                "sha256:70152291488f8d2bbcf2027b5c28c27724c78a7949c91b466d28ad75d6d12702",
                "sha256:75259be0558ca3af09192ad7b18557f2e9033ad4cbd48c252131f5292f6374fd",
                "sha256:7c8bbad6037a87effe9f3739bdf39851add6e0f7e101d103a601c504892ffa70",
                "sha256:7e6d1af1bd3d2312079f28c9baf2aafb4a452a06b50717526e5ac562e37baa53",
                "sha256:8057172868b0d98f95e6fcddcc5f75d01570e85c6308702dd2c50ea673bc197b",
                "sha256:82f951210ebcdb778b1d93075af43adcd04e9ebfd4f44b1baa8eeb21fbd71e36",
                "sha256:874a78e4ed821258295a472e325eee7de3d91ba7a61d0639ce1b0367a3c63d4c",
                "sha256:8f2447ca88a7e14fd4d268857521fb37535c53a367b594fa2d7c2551af905993",
                "sha256:956b30638272c51c85caaff76851b60db4b339022c0ee6eca677c41e3646255b",
                "sha256:9c377fc30d9ca40dbff5fd79c5a5e1f0d6fff040fa47a18851bb6b0bd040a5d8",
                "sha256:a5bf94042efbc6ab56b18a5921f426ebbeefc04f554a911d76029e7be9057d01",
                "sha256:af31565b12a7db5bfa5fe8c3a4f8fda4d32f5c2929998b1b241f1c22e9ab6e69",
                "sha256:af8e2b3648128b8cadb1a71e2f8092a6f42d4ca123fad7a8d7ce6db8938b1db3",
                "sha256:b644d6f14b2ce617d6def21622f9ba73961a16b7dffdba7f6692e2f66fa05d00",
                "sha256:b66e4892d8ae005f436a5c5f1519ecf837574d8414b1c93860fb3c13943d9b37",
                "sha256:bb3df10be3c7d264947180615819aeec0916f19650f2ba7309ed1fe546ead0d2",
                "sha256:bed9d6eea5fabbc6978c42e947190c7bd628ddaff3b56fc963fe696c3710ccd6",
                "sha256:c626596c1b95dc6d45f7129f10b6743fbb50f29d942d25a22b2ceead670c067d",
                "sha256:d255bebd927e5f1e026b32605684f7b6fc36a13e62b07cb97b29027b91657def",
                "sha256:d6e45dbc79a44e34c2c83ef1fcb56ff663040474dcf4dfc452db24a1de0f7574",
                "sha256:e24435a9970dcb2b35648f2cf57505d4bd414fcca1a404c82e28d948183fe0a6",
                "sha256:eef07ea2fba12f9188cfa2c50cb3eaa6516b56c33e2a8cc3cd288b4190ee6c0c",
                "sha256:ef14dfa7c98b314a3e449e92df6f1479cafe74c626952f353ff0176b075070de",
                "sha256:f154a8a46a0d950c055254f8f010ba07e742ac4404a3b6e281a31913ac45ccd0",
                "sha256:fa0ebefc169439267e4b4147c7d458908788367640509ed32c90a91a63ebb579",
                "sha256:fac7fbcb65171959973f3136d0792c3d1668bc01fd414738f0898b01f692f1b4",
                "sha256:fc3f4a6544517380658b63b144c7d43d5276a343012913b7e5d18d9fba2f12bb"
            ],
            "index": "pypi",
            "markers": "python_version >= '3.7'",
            "version": "==1.10.24"
        },
        "python-jose": {
            "extras": [
                "cryptography"
            ],
            "hashes": [
                "sha256:9a9a40f418ced8ecaf7e3b28d69887ceaa76adad3bcaa6dae0d9e596fec1d680",
                "sha256:9c9f616819652d109bd889ecd1e15e9a162b9b94d682534c9c2146092945b78f"
            ],
            "version": "==3.4.0"
        },
        "python-multipart": {
            "hashes": [
                "sha256:8a62d3a8335e06589fe01f2a3e178cdcc632f3fbe0d492ad9ee0ec35aab1f104",
                "sha256:8dd0cab45b8e23064ae09147625994d090fa46f5b0d1e13af944c331a7fa9d13"
            ],
            "index": "pypi",
            "markers": "python_version >= '3.8'",
            "version": "==0.0.20"
        },
        "rsa": {
            "hashes": [
                "sha256:68635866661c6836b8d39430f97a996acbd61bfa49406748ea243539fe239762",
                "sha256:e7bdbfdb5497da4c07dfd35530e1a902659db6ff241e39d9953cad06ebd0ae75"
            ],
            "markers": "python_version >= '3.6' and python_version < '4'",
            "version": "==4.9.1"
        },
        "six": {
            "hashes": [
                "sha256:4721f391ed90541fddacab5acf947aa0d3dc7d27b2e1e8eda2be8970586c3274",
                "sha256:ff70335d468e7eb6ec65b95b99d3a2836546063f63acc5171de367e834932a81"
            ],
            "markers": "python_version >= '2.7' and python_version not in '3.0, 3.1, 3.2'",
            "version": "==1.17.0"
        },
        "sniffio": {
            "hashes": [
                "sha256:2f6da418d1f1e0fddd844478f41680e794e6051915791a034ff65e5f100525a2",
                "sha256:f4324edc670a0f49750a81b895f35c3adb843cca46f0530f79fc1babb23789dc"
            ],
            "markers": "python_version >= '3.7'",
            "version": "==1.3.1"
        },
        "sqlalchemy": {
            "hashes": [
                "sha256:0765e318ee9179b3718c4fd7ba35c434f4dd20332fbc6857a5e8df17719c24d7",
                "sha256:0ae7454e1ab1d780aee69fd2aae7d6b8670a581d8847f2d1e0f7ddfbf47e5a22",
                "sha256:0b1af8392eb27b372ddb783b317dea0f650241cea5bd29199b22235299ca2e45",
                "sha256:0fe3917059c7ab2ee3f35e77757062b1bea10a0b6ca633c58391e3f3c6c488dd",
                "sha256:119dc41e7a7defcefc57189cfa0e61b1bf9c228211aba432b53fb71ef367fda1",
                "sha256:11bac86b0deada30b6b5f93382712ff0e911fe8d31cb9bf46e6b149ae175eff0",
                "sha256:15f3326f7f0b2bfe406ee562e17f43f36e16167af99c4c0df61db668de20002d",
                "sha256:17835885016b9e4d0135720160db3095dc78c583e7b902b6be799fb21035e749",
                "sha256:19de7ca1246fbef9f9d1bff8f1ab25641569df226364a0e40457dc5457c54b05",
                "sha256:1df4763760d1de0dfc8192cc96d8aa293eb1a44f8f7a5fbe74caf1b551905c5e",
                "sha256:1e77faf6ff919aa8cd63f1c4e561cac1d9a454a191bb864d5dd5e545935e5a40",
                "sha256:22be14009339b8bc16d6b9dc8780bacaba3402aa7581658e246114abbd2236e3",
                "sha256:253e2f29843fb303eca6b2fc645aca91fa7aa0aa70b38b6950da92d44ff267f3",
                "sha256:2b61188657e3a2b9ac4e8f04d6cf8e51046e28175f79464c67f2fd35bceb0976",
                "sha256:2bf4bb6b3d6228fcf3a71b50231199fb94d2dd2611b66d33be0578ea3e6c2726",
                "sha256:2e7b5b079055e02d06a4308d0481658e4f06bc7ef211567edc8f7d5dce52018d",
                "sha256:2f19644f27c76f07e10603580a47278abb2a70311136a7f8fd27dc2e096b9013",
                "sha256:2fc44e5965ea46909a416fff0af48a219faefd5773ab79e5f8a5fcd5d62b2667",
                "sha256:2fcc4901a86ed81dc76703f3b93ff881e08761c63263c46991081fd7f034b165",
                "sha256:3255d821ee91bdf824795e936642bbf43a4c7cedf5d1aed8d24524e66843aa74",
                "sha256:329aa42d1be9929603f406186630135be1e7a42569540577ba2c69952b7cf399",
                "sha256:357bade0e46064f88f2c3a99808233e67b0051cdddf82992379559322dfeb183",
                "sha256:3caef1ff89b1caefc28f0368b3bde21a7e3e630c2eddac16abd9e47bd27cc36a",
                "sha256:3cf6872a23601672d61a68f390e44703442639a12ee9dd5a88bbce52a695e46e",
                "sha256:3fe166c7d00912e8c10d3a9a0ce105569a31a3d0db1a6e82c4e0f4bf16d5eca9",
                "sha256:471733aabb2e4848d609141a9e9d56a427c0a038f4abf65dd19d7a21fd563632",
                "sha256:4848395d932e93c1595e59a8672aa7400e8922c39bb9b0668ed99ac6fa867822",
                "sha256:48bf7d383a35e668b984c805470518b635d48b95a3c57cb03f37eaa3551b5f9f",
                "sha256:4c26ef74ba842d61635b0152763d057c8d48215d5be9bb8b7604116a059e9985",
                "sha256:4d18cd0e9a0f37c9f4088e50e3839fcb69a380a0ec957408e0b57cff08ee0a26",
                "sha256:585c0c852a891450edbb1eaca8648408a3cc125f18cf433941fa6babcc359e29",
                "sha256:70e03833faca7166e6a9927fbee7c27e6ecde436774cd0b24bbcc96353bce06b",
                "sha256:72fea91746b5890f9e5e0997f16cbf3d53550580d76355ba2d998311b17b2250",
                "sha256:78e6c137ba35476adb5432103ae1534f2f5295605201d946a4198a0dea4b38e7",
                "sha256:7a8694107eb4308a13b425ca8c0e67112f8134c846b6e1f722698708741215d5",
                "sha256:7c77f3080674fc529b1bd99489378c7f63fcb4ba7f8322b79732e0258f0ea3ce",
                "sha256:7cbcb47fd66ab294703e1644f78971f6f2f1126424d2b300678f419aa73c7b6e",
                "sha256:846541e58b9a81cce7dee8329f352c318de25aa2f2bbe1e31587eb1f057448b4",
                "sha256:8e0e4e66fd80f277a8c3de016a81a554e76ccf6b8d881ee0b53200305a8433f6",
                "sha256:9919e77403a483ab81e3423151e8ffc9dd992c20d2603bf17e4a8161111e55f5",
                "sha256:9b94843a102efa9ac68a7a30cd46df3ff1ed9c658100d30a725d10d9c60a2f44",
                "sha256:9e9018544ab07614d591a26c1bd4293ddf40752cc435caf69196740516af7100",
                "sha256:b87e7b91a5d5973dda5f00cd61ef72ad75a1db73a386b62877d4875a8840959c",
                "sha256:c1c80faaee1a6c3428cecf40d16a2365bcf56c424c92c2b6f0f9ad204b899e9e",
                "sha256:c3678a0fb72c8a6a29422b2732fe423db3ce119c34421b5f9955873eb9b62c1e",
                "sha256:cbe4f85f50c656d753890f39468fcd8190c5f08282caf19219f684225bfd5fd2",
                "sha256:cc2856d24afa44295735e72f3c75d6ee7fdd4336d8d3a8f3d44de7aa6b766df2",
                "sha256:d733dec0614bb8f4bcb7c8af88172b974f685a31dc3a65cca0527e3120de5606",
                "sha256:dc8b3850d2a601ca2320d081874033684e246d28e1c5e89db0864077cfc8f5a9",
                "sha256:de4387a354ff230bc979b46b2207af841dc8bf29847b6c7dbe60af186d97aefa",
                "sha256:e998cf7c29473bd077704cea3577d23123094311f59bdc4af551923b168332b1",
                "sha256:ebac3f0b5732014a126b43c2b7567f2f0e0afea7d9119a3378bde46d3dcad88e",
                "sha256:ee51625c2d51f8baadf2829fae817ad0b66b140573939dd69284d2ba3553ae73",
                "sha256:f4a172b31785e2f00780eccab00bc240ccdbfdb8345f1e6063175b3ff12ad1b0",
                "sha256:f7027414f2b88992877573ab780c19ecb54d3a536bef3397933573d6b5068be4",
                "sha256:f9480c0740aabd8cb29c329b422fb65358049840b34aba0adf63162371d2a96e",
                "sha256:ff486e183d151e51b1d694c7aa1695747599bb00b9f5f604092b54b74c64a8e1"
            ],
            "index": "pypi",
            "markers": "python_version >= '3.7'",
            "version": "==2.0.44"
        },
        "starlette": {
            "hashes": [
                "sha256:19edeb75844c16dcd4f9dd72f22f9108c1539f3fc9c4c88885654fef64f85aea",
                "sha256:e35166950a3ccccc701962fe0711db0bc14f2ecd37c6f9fe5e3eae0cbaea8715"
            ],
            "markers": "python_version >= '3.8'",
            "version": "==0.44.0"
        },
        "typing-extensions": {
            "hashes": [
                "sha256:a439e7c04b49fec3e5d3e2beaa21755cadbbdc391694e28ccdd36ca4a1408f8c",
                "sha256:e6c81219bd689f51865d9e372991c540bda33a0379d5573cddb9a3a23f7caaef"
            ],
            "markers": "python_version >= '3.8'",
            "version": "==4.13.2"
        },
        "uvicorn": {
            "hashes": [
                "sha256:2c30de4aeea83661a520abab179b24084a0019c0c1bbe137e5409f741cbde5f8",
                "sha256:3577119f82b7091cf4d3d4177bfda0bae4723ed92ab1439e8d779de880c9cc59"
            ],
            "index": "pypi",
            "markers": "python_version >= '3.8'",
            "version": "==0.33.0"
        }
    },
    "develop": {}
}
